
Microsoft Visual Studio Solution File, Format Version 12.00
Project("{FAE04EC0-301F-11D3-BF4B-00C04F79EFBC}") = "Analogue clock", "Analogue clock\Analogue clock.csproj", "{08C1AA2C-BD69-44A8-BBFA-E49540F50DA5}"
EndProject
Project("{FAE04EC0-301F-11D3-BF4B-00C04F79EFBC}") = "Tree maximum depth", "Tree maximum depth\Tree maximum depth.csproj", "{3E71397F-F4AA-4294-9411-396C8FE1BFF2}"
EndProject
Global
	GlobalSection(SolutionConfigurationPlatforms) = preSolution
		Debug|Any CPU = Debug|Any CPU
		Release|Any CPU = Release|Any CPU
	EndGlobalSection
	GlobalSection(ProjectConfigurationPlatforms) = postSolution
		{08C1AA2C-BD69-44A8-BBFA-E49540F50DA5}.Debug|Any CPU.ActiveCfg = Debug|Any CPU
		{08C1AA2C-BD69-44A8-BBFA-E49540F50DA5}.Debug|Any CPU.Build.0 = Debug|Any CPU
		{08C1AA2C-BD69-44A8-BBFA-E49540F50DA5}.Release|Any CPU.ActiveCfg = Release|Any CPU
		{08C1AA2C-BD69-44A8-BBFA-E49540F50DA5}.Release|Any CPU.Build.0 = Release|Any CPU
		{3E71397F-F4AA-4294-9411-396C8FE1BFF2}.Debug|Any CPU.ActiveCfg = Debug|Any CPU
		{3E71397F-F4AA-4294-9411-396C8FE1BFF2}.Debug|Any CPU.Build.0 = Debug|Any CPU
		{3E71397F-F4AA-4294-9411-396C8FE1BFF2}.Release|Any CPU.ActiveCfg = Release|Any CPU
		{3E71397F-F4AA-4294-9411-396C8FE1BFF2}.Release|Any CPU.Build.0 = Release|Any CPU
	EndGlobalSection
EndGlobal
